// !$*UTF8*$!
{
	archiveVersion = 1;
	classes = {
	};
	objectVersion = 50;
	objects = {

/* Begin PBXBuildFile section */
		0C315BC1214F6FA60094D6D5 /* AppDelegate.swift in Sources */ = {isa = PBXBuildFile; fileRef = 0C315BC0214F6FA50094D6D5 /* AppDelegate.swift */; };
		0C315BC3214F6FA60094D6D5 /* ViewController.swift in Sources */ = {isa = PBXBuildFile; fileRef = 0C315BC2214F6FA60094D6D5 /* ViewController.swift */; };
		0C315BC6214F6FA60094D6D5 /* Main.storyboard in Resources */ = {isa = PBXBuildFile; fileRef = 0C315BC4214F6FA60094D6D5 /* Main.storyboard */; };
		0C315BC8214F6FAA0094D6D5 /* Assets.xcassets in Resources */ = {isa = PBXBuildFile; fileRef = 0C315BC7214F6FAA0094D6D5 /* Assets.xcassets */; };
		0C315BCB214F6FAA0094D6D5 /* LaunchScreen.storyboard in Resources */ = {isa = PBXBuildFile; fileRef = 0C315BC9214F6FAA0094D6D5 /* LaunchScreen.storyboard */; };
		13B9E93EA3A9583BCE1892BF /* Pods_RealmTodo.framework in Frameworks */ = {isa = PBXBuildFile; fileRef = 0C9EA9DA1198DBAC7326A22C /* Pods_RealmTodo.framework */; };
/* End PBXBuildFile section */

/* Begin PBXFileReference section */
		0C315BBD214F6FA50094D6D5 /* RealmTodo.app */ = {isa = PBXFileReference; explicitFileType = wrapper.application; includeInIndex = 0; path = RealmTodo.app; sourceTree = BUILT_PRODUCTS_DIR; };
		0C315BC0214F6FA50094D6D5 /* AppDelegate.swift */ = {isa = PBXFileReference; lastKnownFileType = sourcecode.swift; path = AppDelegate.swift; sourceTree = "<group>"; };
		0C315BC2214F6FA60094D6D5 /* ViewController.swift */ = {isa = PBXFileReference; lastKnownFileType = sourcecode.swift; path = ViewController.swift; sourceTree = "<group>"; };
		0C315BC5214F6FA60094D6D5 /* Base */ = {isa = PBXFileReference; lastKnownFileType = file.storyboard; name = Base; path = Base.lproj/Main.storyboard; sourceTree = "<group>"; };
		0C315BC7214F6FAA0094D6D5 /* Assets.xcassets */ = {isa = PBXFileReference; lastKnownFileType = folder.assetcatalog; path = Assets.xcassets; sourceTree = "<group>"; };
		0C315BCA214F6FAA0094D6D5 /* Base */ = {isa = PBXFileReference; lastKnownFileType = file.storyboard; name = Base; path = Base.lproj/LaunchScreen.storyboard; sourceTree = "<group>"; };
		0C315BCC214F6FAA0094D6D5 /* Info.plist */ = {isa = PBXFileReference; lastKnownFileType = text.plist.xml; path = Info.plist; sourceTree = "<group>"; };
		0C9EA9DA1198DBAC7326A22C /* Pods_RealmTodo.framework */ = {isa = PBXFileReference; explicitFileType = wrapper.framework; includeInIndex = 0; path = Pods_RealmTodo.framework; sourceTree = BUILT_PRODUCTS_DIR; };
		4BF930CBB81E9EDB3E443C4C /* Pods-RealmTodo.release.xcconfig */ = {isa = PBXFileReference; includeInIndex = 1; lastKnownFileType = text.xcconfig; name = "Pods-RealmTodo.release.xcconfig"; path = "Pods/Target Support Files/Pods-RealmTodo/Pods-RealmTodo.release.xcconfig"; sourceTree = "<group>"; };
		4F99B93836988E204660A725 /* Pods-RealmTodo.debug.xcconfig */ = {isa = PBXFileReference; includeInIndex = 1; lastKnownFileType = text.xcconfig; name = "Pods-RealmTodo.debug.xcconfig"; path = "Pods/Target Support Files/Pods-RealmTodo/Pods-RealmTodo.debug.xcconfig"; sourceTree = "<group>"; };
/* End PBXFileReference section */

/* Begin PBXFrameworksBuildPhase section */
		0C315BBA214F6FA50094D6D5 /* Frameworks */ = {
			isa = PBXFrameworksBuildPhase;
			buildActionMask = 2147483647;
			files = (
				13B9E93EA3A9583BCE1892BF /* Pods_RealmTodo.framework in Frameworks */,
			);
			runOnlyForDeploymentPostprocessing = 0;
		};
/* End PBXFrameworksBuildPhase section */

/* Begin PBXGroup section */
		0C315BB4214F6FA50094D6D5 = {
			isa = PBXGroup;
			children = (
				0C315BBF214F6FA50094D6D5 /* RealmTodo */,
				0C315BBE214F6FA50094D6D5 /* Products */,
				897204BF66F47286BBFEDA1D /* Pods */,
				5A5BC08262C4024CC7CA3952 /* Frameworks */,
			);
			sourceTree = "<group>";
		};
		0C315BBE214F6FA50094D6D5 /* Products */ = {
			isa = PBXGroup;
			children = (
				0C315BBD214F6FA50094D6D5 /* RealmTodo.app */,
			);
			name = Products;
			sourceTree = "<group>";
		};
		0C315BBF214F6FA50094D6D5 /* RealmTodo */ = {
			isa = PBXGroup;
			children = (
				0C315BC0214F6FA50094D6D5 /* AppDelegate.swift */,
				0C315BC2214F6FA60094D6D5 /* ViewController.swift */,
				0C315BC4214F6FA60094D6D5 /* Main.storyboard */,
				0C315BC7214F6FAA0094D6D5 /* Assets.xcassets */,
				0C315BC9214F6FAA0094D6D5 /* LaunchScreen.storyboard */,
				0C315BCC214F6FAA0094D6D5 /* Info.plist */,
			);
			path = RealmTodo;
			sourceTree = "<group>";
		};
		5A5BC08262C4024CC7CA3952 /* Frameworks */ = {
			isa = PBXGroup;
			children = (
				0C9EA9DA1198DBAC7326A22C /* Pods_RealmTodo.framework */,
			);
			name = Frameworks;
			sourceTree = "<group>";
		};
		897204BF66F47286BBFEDA1D /* Pods */ = {
			isa = PBXGroup;
			children = (
				4F99B93836988E204660A725 /* Pods-RealmTodo.debug.xcconfig */,
				4BF930CBB81E9EDB3E443C4C /* Pods-RealmTodo.release.xcconfig */,
			);
			name = Pods;
			sourceTree = "<group>";
		};
/* End PBXGroup section */

/* Begin PBXNativeTarget section */
		0C315BBC214F6FA50094D6D5 /* RealmTodo */ = {
			isa = PBXNativeTarget;
			buildConfigurationList = 0C315BCF214F6FAA0094D6D5 /* Build configuration list for PBXNativeTarget "RealmTodo" */;
			buildPhases = (
				10B4C04F73CE72BB01B584F3 /* [CP] Check Pods Manifest.lock */,
				0C315BB9214F6FA50094D6D5 /* Sources */,
				0C315BBA214F6FA50094D6D5 /* Frameworks */,
				0C315BBB214F6FA50094D6D5 /* Resources */,
				EB478055ED965EEC1B97B8B5 /* [CP] Embed Pods Frameworks */,
			);
			buildRules = (
			);
			dependencies = (
			);
			name = RealmTodo;
			productName = RealmTodo;
			productReference = 0C315BBD214F6FA50094D6D5 /* RealmTodo.app */;
			productType = "com.apple.product-type.application";
		};
/* End PBXNativeTarget section */

/* Begin PBXProject section */
		0C315BB5214F6FA50094D6D5 /* Project object */ = {
			isa = PBXProject;
			attributes = {
				LastSwiftUpdateCheck = 0940;
				LastUpgradeCheck = 0940;
				ORGANIZATIONNAME = yonekan;
				TargetAttributes = {
					0C315BBC214F6FA50094D6D5 = {
						CreatedOnToolsVersion = 9.4.1;
					};
				};
			};
			buildConfigurationList = 0C315BB8214F6FA50094D6D5 /* Build configuration list for PBXProject "RealmTodo" */;
			compatibilityVersion = "Xcode 9.3";
			developmentRegion = en;
			hasScannedForEncodings = 0;
			knownRegions = (
				en,
				Base,
			);
			mainGroup = 0C315BB4214F6FA50094D6D5;
			productRefGroup = 0C315BBE214F6FA50094D6D5 /* Products */;
			projectDirPath = "";
			projectRoot = "";
			targets = (
				0C315BBC214F6FA50094D6D5 /* RealmTodo */,
			);
		};
/* End PBXProject section */

/* Begin PBXResourcesBuildPhase section */
		0C315BBB214F6FA50094D6D5 /* Resources */ = {
			isa = PBXResourcesBuildPhase;
			buildActionMask = 2147483647;
			files = (
				0C315BCB214F6FAA0094D6D5 /* LaunchScreen.storyboard in Resources */,
				0C315BC8214F6FAA0094D6D5 /* Assets.xcassets in Resources */,
				0C315BC6214F6FA60094D6D5 /* Main.storyboard in Resources */,
			);
			runOnlyForDeploymentPostprocessing = 0;
		};
/* End PBXResourcesBuildPhase section */

/* Begin PBXShellScriptBuildPhase section */
		10B4C04F73CE72BB01B584F3 /* [CP] Check Pods Manifest.lock */ = {
			isa = PBXShellScriptBuildPhase;
			buildActionMask = 2147483647;
			files = (
			);
			inputPaths = (
				"${PODS_PODFILE_DIR_PATH}/Podfile.lock",
				"${PODS_ROOT}/Manifest.lock",
			);
			name = "[CP] Check Pods Manifest.lock";
			outputPaths = (
				"$(DERIVED_FILE_DIR)/Pods-RealmTodo-checkManifestLockResult.txt",
			);
			runOnlyForDeploymentPostprocessing = 0;
			shellPath = /bin/sh;
			shellScript = "diff \"${PODS_PODFILE_DIR_PATH}/Podfile.lock\" \"${PODS_ROOT}/Manifest.lock\" > /dev/null\nif [ $? != 0 ] ; then\n    # print error to STDERR\n    echo \"error: The sandbox is not in sync with the Podfile.lock. Run 'pod install' or update your CocoaPods installation.\" >&2\n    exit 1\nfi\n# This output is used by Xcode 'outputs' to avoid re-running this script phase.\necho \"SUCCESS\" > \"${SCRIPT_OUTPUT_FILE_0}\"\n";
			showEnvVarsInLog = 0;
		};
		EB478055ED965EEC1B97B8B5 /* [CP] Embed Pods Frameworks */ = {
			isa = PBXShellScriptBuildPhase;
			buildActionMask = 2147483647;
			files = (
			);
			inputPaths = (
				"${SRCROOT}/Pods/Target Support Files/Pods-RealmTodo/Pods-RealmTodo-frameworks.sh",
				"${BUILT_PRODUCTS_DIR}/Realm/Realm.framework",
				"${BUILT_PRODUCTS_DIR}/RealmSwift/RealmSwift.framework",
			);
			name = "[CP] Embed Pods Frameworks";
			outputPaths = (
				"${TARGET_BUILD_DIR}/${FRAMEWORKS_FOLDER_PATH}/Realm.framework",
				"${TARGET_BUILD_DIR}/${FRAMEWORKS_FOLDER_PATH}/RealmSwift.framework",
			);
			runOnlyForDeploymentPostprocessing = 0;
			shellPath = /bin/sh;
			shellScript = "\"${SRCROOT}/Pods/Target Support Files/Pods-RealmTodo/Pods-RealmTodo-frameworks.sh\"\n";
			showEnvVarsInLog = 0;
		};
/* End PBXShellScriptBuildPhase section */

/* Begin PBXSourcesBuildPhase section */
		0C315BB9214F6FA50094D6D5 /* Sources */ = {
			isa = PBXSourcesBuildPhase;
			buildActionMask = 2147483647;
			files = (
				0C315BC3214F6FA60094D6D5 /* ViewController.swift in Sources */,
				0C315BC1214F6FA60094D6D5 /* AppDelegate.swift in Sources */,
			);
			runOnlyForDeploymentPostprocessing = 0;
		};
/* End PBXSourcesBuildPhase section */

/* Begin PBXVariantGroup section */
		0C315BC4214F6FA60094D6D5 /* Main.storyboard */ = {
			isa = PBXVariantGroup;
			children = (
				0C315BC5214F6FA60094D6D5 /* Base */,
			);
			name = Main.storyboard;
			sourceTree = "<group>";
		};
		0C315BC9214F6FAA0094D6D5 /* LaunchScreen.storyboard */ = {
			isa = PBXVariantGroup;
			children = (
				0C315BCA214F6FAA0094D6D5 /* Base */,
			);
			name = LaunchScreen.storyboard;
			sourceTree = "<group>";
		};
/* End PBXVariantGroup section */

/* Begin XCBuildConfiguration section */
		0C315BCD214F6FAA0094D6D5 /* Debug */ = {
			isa = XCBuildConfiguration;
			buildSettings = {
				ALWAYS_SEARCH_USER_PATHS = NO;
				CLANG_ANALYZER_NONNULL = YES;
				CLANG_ANALYZER_NUMBER_OBJECT_CONVERSION = YES_AGGRESSIVE;
				CLANG_CXX_LANGUAGE_STANDARD = "gnu++14";
				CLANG_CXX_LIBRARY = "libc++";
				CLANG_ENABLE_MODULES = YES;
				CLANG_ENABLE_OBJC_ARC = YES;
				CLANG_ENABLE_OBJC_WEAK = YES;
				CLANG_WARN_BLOCK_CAPTURE_AUTORELEASING = YES;
				CLANG_WARN_BOOL_CONVERSION = YES;
				CLANG_WARN_COMMA = YES;
				CLANG_WARN_CONSTANT_CONVERSION = YES;
				CLANG_WARN_DEPRECATED_OBJC_IMPLEMENTATIONS = YES;
				CLANG_WARN_DIRECT_OBJC_ISA_USAGE = YES_ERROR;
				CLANG_WARN_DOCUMENTATION_COMMENTS = YES;
				CLANG_WARN_EMPTY_BODY = YES;
				CLANG_WARN_ENUM_CONVERSION = YES;
				CLANG_WARN_INFINITE_RECURSION = YES;
				CLANG_WARN_INT_CONVERSION = YES;
				CLANG_WARN_NON_LITERAL_NULL_CONVERSION = YES;
				CLANG_WARN_OBJC_IMPLICIT_RETAIN_SELF = YES;
				CLANG_WARN_OBJC_LITERAL_CONVERSION = YES;
				CLANG_WARN_OBJC_ROOT_CLASS = YES_ERROR;
				CLANG_WARN_RANGE_LOOP_ANALYSIS = YES;
				CLANG_WARN_STRICT_PROTOTYPES = YES;
				CLANG_WARN_SUSPICIOUS_MOVE = YES;
				CLANG_WARN_UNGUARDED_AVAILABILITY = YES_AGGRESSIVE;
				CLANG_WARN_UNREACHABLE_CODE = YES;
				CLANG_WARN__DUPLICATE_METHOD_MATCH = YES;
				CODE_SIGN_IDENTITY = "iPhone Developer";
				COPY_PHASE_STRIP = NO;
				DEBUG_INFORMATION_FORMAT = dwarf;
				ENABLE_STRICT_OBJC_MSGSEND = YES;
				ENABLE_TESTABILITY = YES;
				GCC_C_LANGUAGE_STANDARD = gnu11;
				GCC_DYNAMIC_NO_PIC = NO;
				GCC_NO_COMMON_BLOCKS = YES;
				GCC_OPTIMIZATION_LEVEL = 0;
				GCC_PREPROCESSOR_DEFINITIONS = (
					"DEBUG=1",
					"$(inherited)",
				);
				GCC_WARN_64_TO_32_BIT_CONVERSION = YES;
				GCC_WARN_ABOUT_RETURN_TYPE = YES_ERROR;
				GCC_WARN_UNDECLARED_SELECTOR = YES;
				GCC_WARN_UNINITIALIZED_AUTOS = YES_AGGRESSIVE;
				GCC_WARN_UNUSED_FUNCTION = YES;
				GCC_WARN_UNUSED_VARIABLE = YES;
				IPHONEOS_DEPLOYMENT_TARGET = 11.4;
				MTL_ENABLE_DEBUG_INFO = YES;
				ONLY_ACTIVE_ARCH = YES;
				SDKROOT = iphoneos;
				SWIFT_ACTIVE_COMPILATION_CONDITIONS = DEBUG;
				SWIFT_OPTIMIZATION_LEVEL = "-Onone";
			};
			name = Debug;
		};
		0C315BCE214F6FAA0094D6D5 /* Release */ = {
			isa = XCBuildConfiguration;
			buildSettings = {
				ALWAYS_SEARCH_USER_PATHS = NO;
				CLANG_ANALYZER_NONNULL = YES;
				CLANG_ANALYZER_NUMBER_OBJECT_CONVERSION = YES_AGGRESSIVE;
				CLANG_CXX_LANGUAGE_STANDARD = "gnu++14";
				CLANG_CXX_LIBRARY = "libc++";
				CLANG_ENABLE_MODULES = YES;
				CLANG_ENABLE_OBJC_ARC = YES;
				CLANG_ENABLE_OBJC_WEAK = YES;
				CLANG_WARN_BLOCK_CAPTURE_AUTORELEASING = YES;
				CLANG_WARN_BOOL_CONVERSION = YES;
				CLANG_WARN_COMMA = YES;
				CLANG_WARN_CONSTANT_CONVERSION = YES;
				CLANG_WARN_DEPRECATED_OBJC_IMPLEMENTATIONS = YES;
				CLANG_WARN_DIRECT_OBJC_ISA_USAGE = YES_ERROR;
				CLANG_WARN_DOCUMENTATION_COMMENTS = YES;
				CLANG_WARN_EMPTY_BODY = YES;
				CLANG_WARN_ENUM_CONVERSION = YES;
				CLANG_WARN_INFINITE_RECURSION = YES;
				CLANG_WARN_INT_CONVERSION = YES;
				CLANG_WARN_NON_LITERAL_NULL_CONVERSION = YES;
				CLANG_WARN_OBJC_IMPLICIT_RETAIN_SELF = YES;
				CLANG_WARN_OBJC_LITERAL_CONVERSION = YES;
				CLANG_WARN_OBJC_ROOT_CLASS = YES_ERROR;
				CLANG_WARN_RANGE_LOOP_ANALYSIS = YES;
				CLANG_WARN_STRICT_PROTOTYPES = YES;
				CLANG_WARN_SUSPICIOUS_MOVE = YES;
				CLANG_WARN_UNGUARDED_AVAILABILITY = YES_AGGRESSIVE;
				CLANG_WARN_UNREACHABLE_CODE = YES;
				CLANG_WARN__DUPLICATE_METHOD_MATCH = YES;
				CODE_SIGN_IDENTITY = "iPhone Developer";
				COPY_PHASE_STRIP = NO;
				DEBUG_INFORMATION_FORMAT = "dwarf-with-dsym";
				ENABLE_NS_ASSERTIONS = NO;
				ENABLE_STRICT_OBJC_MSGSEND = YES;
				GCC_C_LANGUAGE_STANDARD = gnu11;
				GCC_NO_COMMON_BLOCKS = YES;
				GCC_WARN_64_TO_32_BIT_CONVERSION = YES;
				GCC_WARN_ABOUT_RETURN_TYPE = YES_ERROR;
				GCC_WARN_UNDECLARED_SELECTOR = YES;
				GCC_WARN_UNINITIALIZED_AUTOS = YES_AGGRESSIVE;
				GCC_WARN_UNUSED_FUNCTION = YES;
				GCC_WARN_UNUSED_VARIABLE = YES;
				IPHONEOS_DEPLOYMENT_TARGET = 11.4;
				MTL_ENABLE_DEBUG_INFO = NO;
				SDKROOT = iphoneos;
				SWIFT_COMPILATION_MODE = wholemodule;
				SWIFT_OPTIMIZATION_LEVEL = "-O";
				VALIDATE_PRODUCT = YES;
			};
			name = Release;
		};
		0C315BD0214F6FAA0094D6D5 /* Debug */ = {
			isa = XCBuildConfiguration;
			baseConfigurationReference = 4F99B93836988E204660A725 /* Pods-RealmTodo.debug.xcconfig */;
			buildSettings = {
				ASSETCATALOG_COMPILER_APPICON_NAME = AppIcon;
				CODE_SIGN_STYLE = Automatic;
				DEVELOPMENT_TEAM = Y332RZ9F4W;
				INFOPLIST_FILE = RealmTodo/Info.plist;
				LD_RUNPATH_SEARCH_PATHS = (
					"$(inherited)",
					"@executable_path/Frameworks",
				);
				PRODUCT_BUNDLE_IDENTIFIER = "com.yone-lab.RealmTodo";
				PRODUCT_NAME = "$(TARGET_NAME)";
				SWIFT_VERSION = 4.0;
				TARGETED_DEVICE_FAMILY = "1,2";
			};
			name = Debug;
		};
		0C315BD1214F6FAA0094D6D5 /* Release */ = {
			isa = XCBuildConfiguration;
			baseConfigurationReference = 4BF930CBB81E9EDB3E443C4C /* Pods-RealmTodo.release.xcconfig */;
			buildSettings = {
				ASSETCATALOG_COMPILER_APPICON_NAME = AppIcon;
				CODE_SIGN_STYLE = Automatic;
				DEVELOPMENT_TEAM = Y332RZ9F4W;
				INFOPLIST_FILE = RealmTodo/Info.plist;
				LD_RUNPATH_SEARCH_PATHS = (
					"$(inherited)",
					"@executable_path/Frameworks",
				);
				PRODUCT_BUNDLE_IDENTIFIER = "com.yone-lab.RealmTodo";
				PRODUCT_NAME = "$(TARGET_NAME)";
				SWIFT_VERSION = 4.0;
				TARGETED_DEVICE_FAMILY = "1,2";
			};
			name = Release;
		};
/* End XCBuildConfiguration section */

/* Begin XCConfigurationList section */
		0C315BB8214F6FA50094D6D5 /* Build configuration list for PBXProject "RealmTodo" */ = {
			isa = XCConfigurationList;
			buildConfigurations = (
				0C315BCD214F6FAA0094D6D5 /* Debug */,
				0C315BCE214F6FAA0094D6D5 /* Release */,
			);
			defaultConfigurationIsVisible = 0;
			defaultConfigurationName = Release;
		};
		0C315BCF214F6FAA0094D6D5 /* Build configuration list for PBXNativeTarget "RealmTodo" */ = {
			isa = XCConfigurationList;
			buildConfigurations = (
				0C315BD0214F6FAA0094D6D5 /* Debug */,
				0C315BD1214F6FAA0094D6D5 /* Release */,
			);
			defaultConfigurationIsVisible = 0;
			defaultConfigurationName = Release;
		};
/* End XCConfigurationList section */
	};
	rootObject = 0C315BB5214F6FA50094D6D5 /* Project object */;
}
